
Microsoft Visual Studio Solution File, Format Version 12.00
Project("{FAE04EC0-301F-11D3-BF4B-00C04F79EFBC}") = "FuncComp", "FuncComp\FuncComp.csproj", "{1B15B16C-5870-4089-AF60-5A4BB3D7C38E}"
EndProject
Project("{FAE04EC0-301F-11D3-BF4B-00C04F79EFBC}") = "FuncComp.Language", "FuncComp.Language\FuncComp.Language.csproj", "{7F6DB79A-B479-43E3-AAFB-9CF30EF200F2}"
EndProject
Project("{F2A71F9B-5D33-465A-A702-920D77279786}") = "FuncComp.Parsing", "FuncComp.Parsing\FuncComp.Parsing.fsproj", "{F4A0C660-546D-4DF3-ADEA-E622DC3D86DE}"
EndProject
Global
	GlobalSection(SolutionConfigurationPlatforms) = preSolution
		Debug|Any CPU = Debug|Any CPU
		Release|Any CPU = Release|Any CPU
	EndGlobalSection
	GlobalSection(ProjectConfigurationPlatforms) = postSolution
		{1B15B16C-5870-4089-AF60-5A4BB3D7C38E}.Debug|Any CPU.ActiveCfg = Debug|Any CPU
		{1B15B16C-5870-4089-AF60-5A4BB3D7C38E}.Debug|Any CPU.Build.0 = Debug|Any CPU
		{1B15B16C-5870-4089-AF60-5A4BB3D7C38E}.Release|Any CPU.ActiveCfg = Release|Any CPU
		{1B15B16C-5870-4089-AF60-5A4BB3D7C38E}.Release|Any CPU.Build.0 = Release|Any CPU
		{7F6DB79A-B479-43E3-AAFB-9CF30EF200F2}.Debug|Any CPU.ActiveCfg = Debug|Any CPU
		{7F6DB79A-B479-43E3-AAFB-9CF30EF200F2}.Debug|Any CPU.Build.0 = Debug|Any CPU
		{7F6DB79A-B479-43E3-AAFB-9CF30EF200F2}.Release|Any CPU.ActiveCfg = Release|Any CPU
		{7F6DB79A-B479-43E3-AAFB-9CF30EF200F2}.Release|Any CPU.Build.0 = Release|Any CPU
		{F4A0C660-546D-4DF3-ADEA-E622DC3D86DE}.Debug|Any CPU.ActiveCfg = Debug|Any CPU
		{F4A0C660-546D-4DF3-ADEA-E622DC3D86DE}.Debug|Any CPU.Build.0 = Debug|Any CPU
		{F4A0C660-546D-4DF3-ADEA-E622DC3D86DE}.Release|Any CPU.ActiveCfg = Release|Any CPU
		{F4A0C660-546D-4DF3-ADEA-E622DC3D86DE}.Release|Any CPU.Build.0 = Release|Any CPU
	EndGlobalSection
EndGlobal
